<?xml version="1.0" encoding="UTF-8" standalone="yes" ?>
<CodeBlocks_project_file>
	<FileVersion major="1" minor="6" />
	<Project>
		<Option title="Utilities_tests" />
		<Option makefile_is_custom="1" />
		<Option pch_mode="2" />
		<Option compiler="gcc" />
		<Build>
			<Target title="Utilities_tests">
				<Option output="Utilities_tests" prefix_auto="1" extension_auto="1" />
				<Option object_output="/home/diego/projects/Utilities/.objs" />
				<Option type="1" />
				<Option compiler="gcc" />
				<Option parameters="-c" />
				<Compiler>
					<Add option="-g" />
					<Add directory="include" />
				</Compiler>
				<MakeCommands>
					<Build command="$make -f $makefile $target" />
					<CompileFile command="$make -f $makefile $file" />
					<Clean command="$make -f $makefile clean" />
					<DistClean command="$make -f $makefile distclean$target" />
					<AskRebuildNeeded command="$make -q -f $makefile $target" />
					<SilentBuild command="$make -f $makefile $target &gt; $(CMD_NULL)" />
				</MakeCommands>
			</Target>
		</Build>
		<Compiler>
			<Add option="-Wall" />
			<Add directory="include" />
		</Compiler>
		<Unit filename="Makefile" />
		<Unit filename="include/util/UtilitiesBuildTime.h" />
		<Unit filename="src/util/UtilitiesBuildTime.cpp" />
		<Unit filename="tests/AllTests.cpp" />
		<Unit filename="tests/util/UtilitiesBuildTimeTest.cpp" />
		<Extensions>
			<envvars />
			<code_completion />
			<lib_finder disable_auto="1" />
			<debugger />
		</Extensions>
	</Project>
</CodeBlocks_project_file>
